{
    "_readme": [
        "This file locks the dependencies of your project to a known state",
        "Read more about it at https://getcomposer.org/doc/01-basic-usage.md#composer-lock-the-lock-file",
        "This file is @generated automatically"
    ],
    "content-hash": "55d6b28b8da4a4815a037c05da026ecd",
    "packages": [],
    "packages-dev": [
        {
            "name": "devco/event-emitter",
            "version": "1.0.x-dev",
            "source": {
                "type": "git",
                "url": "https://github.com/devco/EventEmitter.git",
                "reference": "e4cef56f1fdd611fec41c7635b5bc2f1608cd497"
            },
            "dist": {
                "type": "zip",
                "url": "https://api.github.com/repos/devco/EventEmitter/zipball/e4cef56f1fdd611fec41c7635b5bc2f1608cd497",
                "reference": "e4cef56f1fdd611fec41c7635b5bc2f1608cd497",
                "shasum": ""
            },
            "require": {
                "php": ">=5.4.0"
            },
            "type": "library",
            "autoload": {
                "psr-0": {
                    "Nekoo": "src/"
                }
            },
            "notification-url": "https://packagist.org/downloads/",
            "license": [
                "MIT"
            ],
            "authors": [
                {
                    "name": "Christophe Robin",
                    "email": "crobin@nekoo.com"
                }
            ],
            "description": "Port of NodeJSs EventEmitter to PHP 5.4 using traits",
            "homepage": "https://github.com/christopherobin/EventEmitter",
            "keywords": [
                "event",
                "listener",
                "observer"
            ],
            "time": "2013-09-27 02:03:58"
        },
        {
            "name": "devco/testes",
            "version": "1.1.x-dev",
            "source": {
                "type": "git",
                "url": "https://github.com/devco/Testes.git",
                "reference": "a2b36c90c7699a73d5a08aaea940d1620ee364d7"
            },
            "dist": {
                "type": "zip",
                "url": "https://api.github.com/repos/devco/Testes/zipball/a2b36c90c7699a73d5a08aaea940d1620ee364d7",
                "reference": "a2b36c90c7699a73d5a08aaea940d1620ee364d7",
                "shasum": ""
            },
            "require": {
                "php": ">=5.4.0"
            },
            "require-dev": {
                "devco/event-emitter": "1.0.*-dev",
                "ext-xdebug": "*"
            },
            "type": "library",
            "autoload": {
                "psr-0": {
                    "Testes": "src"
                }
            },
            "notification-url": "https://packagist.org/downloads/",
            "license": [
                "MIT"
            ],
            "authors": [
                {
                    "name": "Trey Shugart",
                    "email": "treshugart@gmail.com",
                    "homepage": "http://iamtres.com",
                    "role": "Lead Developer"
                }
            ],
            "description": "Dead simple unit and story test framework.",
            "homepage": "http://github.com/treshugart/Testes",
            "keywords": [
                "BDD",
                "Behavior",
                "development",
                "driven",
                "story",
                "test",
                "testing",
                "unit"
            ],
            "time": "2013-09-27 05:00:15"
        },
        {
            "name": "symfony/finder",
            "version": "v3.2.8",
            "source": {
                "type": "git",
                "url": "https://github.com/symfony/finder.git",
                "reference": "9cf076f8f492f4b1ffac40aae9c2d287b4ca6930"
            },
            "dist": {
                "type": "zip",
                "url": "https://api.github.com/repos/symfony/finder/zipball/9cf076f8f492f4b1ffac40aae9c2d287b4ca6930",
                "reference": "9cf076f8f492f4b1ffac40aae9c2d287b4ca6930",
                "shasum": ""
            },
            "require": {
                "php": ">=5.5.9"
            },
            "type": "library",
            "extra": {
                "branch-alias": {
                    "dev-master": "3.2-dev"
                }
            },
            "autoload": {
                "psr-4": {
                    "Symfony\\Component\\Finder\\": ""
                },
                "exclude-from-classmap": [
                    "/Tests/"
                ]
            },
            "notification-url": "https://packagist.org/downloads/",
            "license": [
                "MIT"
            ],
            "authors": [
                {
                    "name": "Fabien Potencier",
                    "email": "fabien@symfony.com"
                },
                {
                    "name": "Symfony Community",
                    "homepage": "https://symfony.com/contributors"
                }
            ],
            "description": "Symfony Finder Component",
            "homepage": "https://symfony.com",
            "time": "2017-04-12T14:13:17+00:00"
        }
    ],
    "aliases": [],
    "minimum-stability": "stable",
    "stability-flags": {
        "devco/testes": 20,
        "devco/event-emitter": 20
    },
    "prefer-stable": false,
    "prefer-lowest": false,
    "platform": {
        "php": ">=5.4.0"
    },
    "platform-dev": []
}
